
Microsoft Visual Studio Solution File, Format Version 12.00
# Visual Studio Version 17
VisualStudioVersion = 17.3.32901.215
MinimumVisualStudioVersion = 10.0.40219.1
Project("{FAE04EC0-301F-11D3-BF4B-00C04F79EFBC}") = "DotNetNote.Apis", "DotNetNote.Apis\DotNetNote.Apis.csproj", "{67A8D1D3-6879-4EC5-9574-2063F516543E}"
EndProject
Global
	GlobalSection(SolutionConfigurationPlatforms) = preSolution
		Debug|Any CPU = Debug|Any CPU
		Release|Any CPU = Release|Any CPU
	EndGlobalSection
	GlobalSection(ProjectConfigurationPlatforms) = postSolution
		{67A8D1D3-6879-4EC5-9574-2063F516543E}.Debug|Any CPU.ActiveCfg = Debug|Any CPU
		{67A8D1D3-6879-4EC5-9574-2063F516543E}.Debug|Any CPU.Build.0 = Debug|Any CPU
		{67A8D1D3-6879-4EC5-9574-2063F516543E}.Release|Any CPU.ActiveCfg = Release|Any CPU
		{67A8D1D3-6879-4EC5-9574-2063F516543E}.Release|Any CPU.Build.0 = Release|Any CPU
	EndGlobalSection
	GlobalSection(SolutionProperties) = preSolution
		HideSolutionNode = FALSE
	EndGlobalSection
	GlobalSection(ExtensibilityGlobals) = postSolution
		SolutionGuid = {1A3139FB-E755-4472-9EE5-6E8E7D82BCE7}
	EndGlobalSection
EndGlobal
